# This file is machine-generated by `gh actions-lock`.
# Do not edit by hand; run `gh actions-lock` to update.
# Docs: https://gh.io/actions-lockfile
version: 'v0.0.2'
workflows:
    '.github/workflows/deploy.yml':
        - 'actions/checkout@v4.4.0'
        - 'actions/deploy-pages@v4.0.5'
        - 'actions/setup-node@v4.4.0'
        - 'actions/upload-pages-artifact@v3.0.1'
    '.github/workflows/release.yml':
        - 'actions/checkout@v4.4.0'
        - 'actions/setup-node@v4.4.0'
        - 'softprops/action-gh-release@v2.6.2'
dependencies:
    'actions/checkout@v4.4.0':
        ref: 'v4.4.0'
        commit: 'sha1-11d5960a326750d5838078e36cf38b85af677262'
        owner_id: 44036562
        repo_id: 197814629
    'actions/deploy-pages@v4.0.5':
        ref: 'v4.0.5'
        commit: 'sha1-d6db90164ac5ed86f2b6aed7e0febac5b3c0c03e'
        owner_id: 44036562
        repo_id: 438112499
    'actions/setup-node@v4.4.0':
        ref: 'v4.4.0'
        commit: 'sha1-49933ea5288caeca8642d1e84afbd3f7d6820020'
        owner_id: 44036562
        repo_id: 189476904
    'actions/upload-artifact@v4':
        ref: 'v4'
        commit: 'sha1-ea165f8d65b6e75b540449e92b4886f43607fa02'
        owner_id: 44036562
        repo_id: 192625955
    'actions/upload-pages-artifact@v3.0.1':
        ref: 'v3.0.1'
        commit: 'sha1-56afc609e74202658d3ffba0e8f6dda462b719fa'
        owner_id: 44036562
        repo_id: 496012378
        uses:
            - 'actions/upload-artifact@v4'
    'softprops/action-gh-release@v2.6.2':
        ref: 'v2.6.2'
        commit: 'sha1-3bb12739c298aeb8a4eeaf626c5b8d85266b0e65'
        owner_id: 2242
        repo_id: 204253808
